
Microsoft Visual Studio Solution File, Format Version 12.00
# Visual Studio Version 16
VisualStudioVersion = 25.0.1706.14
MinimumVisualStudioVersion = 10.0.40219.1
Project("{FAE04EC0-301F-11D3-BF4B-00C04F79EFBC}") = "MeterLoader", "MeterLoader\MeterLoader.csproj", "{53EB3527-3FBF-4109-A589-49CA72486E8F}"
EndProject
Global
	GlobalSection(SolutionConfigurationPlatforms) = preSolution
		Debug|Any CPU = Debug|Any CPU
		Release|Any CPU = Release|Any CPU
	EndGlobalSection
	GlobalSection(ProjectConfigurationPlatforms) = postSolution
		{53EB3527-3FBF-4109-A589-49CA72486E8F}.Debug|Any CPU.ActiveCfg = Debug|Any CPU
		{53EB3527-3FBF-4109-A589-49CA72486E8F}.Debug|Any CPU.Build.0 = Debug|Any CPU
		{53EB3527-3FBF-4109-A589-49CA72486E8F}.Release|Any CPU.ActiveCfg = Release|Any CPU
		{53EB3527-3FBF-4109-A589-49CA72486E8F}.Release|Any CPU.Build.0 = Release|Any CPU
	EndGlobalSection
	GlobalSection(SolutionProperties) = preSolution
		HideSolutionNode = FALSE
	EndGlobalSection
	GlobalSection(ExtensibilityGlobals) = postSolution
		SolutionGuid = {BC7F49D9-F9C2-4DDD-9E9A-DB7738547280}
	EndGlobalSection
EndGlobal
